
Microsoft Visual Studio Solution File, Format Version 12.00
# Visual Studio Version 17
VisualStudioVersion = 17.8.34330.188
MinimumVisualStudioVersion = 10.0.40219.1
Project("{FAE04EC0-301F-11D3-BF4B-00C04F79EFBC}") = "AirportBooking", "AirportBooking\AirportBooking.csproj", "{B4B440C4-5B45-4349-AAD9-452AD9E88F16}"
EndProject
Global
	GlobalSection(SolutionConfigurationPlatforms) = preSolution
		Debug|Any CPU = Debug|Any CPU
		Release|Any CPU = Release|Any CPU
	EndGlobalSection
	GlobalSection(ProjectConfigurationPlatforms) = postSolution
		{B4B440C4-5B45-4349-AAD9-452AD9E88F16}.Debug|Any CPU.ActiveCfg = Debug|Any CPU
		{B4B440C4-5B45-4349-AAD9-452AD9E88F16}.Debug|Any CPU.Build.0 = Debug|Any CPU
		{B4B440C4-5B45-4349-AAD9-452AD9E88F16}.Release|Any CPU.ActiveCfg = Release|Any CPU
		{B4B440C4-5B45-4349-AAD9-452AD9E88F16}.Release|Any CPU.Build.0 = Release|Any CPU
	EndGlobalSection
	GlobalSection(SolutionProperties) = preSolution
		HideSolutionNode = FALSE
	EndGlobalSection
	GlobalSection(ExtensibilityGlobals) = postSolution
		SolutionGuid = {271A1454-82FA-4945-82D7-14CAA80DABC9}
	EndGlobalSection
EndGlobal
